
Microsoft Visual Studio Solution File, Format Version 12.00
# Visual Studio Version 17
VisualStudioVersion = 17.10.34928.147
MinimumVisualStudioVersion = 10.0.40219.1
Project("{FAE04EC0-301F-11D3-BF4B-00C04F79EFBC}") = "Design-Patterns-Labb1-PasswordGenerator", "Design-Patterns-Labb1-PasswordGenerator.csproj", "{8E717540-AC86-463D-8E65-FE349C541E50}"
EndProject
Global
	GlobalSection(SolutionConfigurationPlatforms) = preSolution
		Debug|Any CPU = Debug|Any CPU
		Release|Any CPU = Release|Any CPU
	EndGlobalSection
	GlobalSection(ProjectConfigurationPlatforms) = postSolution
		{8E717540-AC86-463D-8E65-FE349C541E50}.Debug|Any CPU.ActiveCfg = Debug|Any CPU
		{8E717540-AC86-463D-8E65-FE349C541E50}.Debug|Any CPU.Build.0 = Debug|Any CPU
		{8E717540-AC86-463D-8E65-FE349C541E50}.Release|Any CPU.ActiveCfg = Release|Any CPU
		{8E717540-AC86-463D-8E65-FE349C541E50}.Release|Any CPU.Build.0 = Release|Any CPU
	EndGlobalSection
	GlobalSection(SolutionProperties) = preSolution
		HideSolutionNode = FALSE
	EndGlobalSection
	GlobalSection(ExtensibilityGlobals) = postSolution
		SolutionGuid = {BC826DA9-B702-4C8E-9C2A-E7ECCCD52EF7}
	EndGlobalSection
EndGlobal
